
Microsoft Visual Studio Solution File, Format Version 11.00
# Visual Studio 2010
Project("{FAE04EC0-301F-11D3-BF4B-00C04F79EFBC}") = "Assembly-CSharp", "Assembly-CSharp.csproj", "{642B279E-FD95-CB87-9929-B774DCF9FF6F}"
EndProject
Global
	GlobalSection(SolutionConfigurationPlatforms) = preSolution
		Debug|Any CPU = Debug|Any CPU
		Release|Any CPU = Release|Any CPU
	EndGlobalSection
	GlobalSection(ProjectConfigurationPlatforms) = postSolution
		{642B279E-FD95-CB87-9929-B774DCF9FF6F}.Debug|Any CPU.ActiveCfg = Debug|Any CPU
		{642B279E-FD95-CB87-9929-B774DCF9FF6F}.Debug|Any CPU.Build.0 = Debug|Any CPU
		{642B279E-FD95-CB87-9929-B774DCF9FF6F}.Release|Any CPU.ActiveCfg = Release|Any CPU
		{642B279E-FD95-CB87-9929-B774DCF9FF6F}.Release|Any CPU.Build.0 = Release|Any CPU
	EndGlobalSection
	GlobalSection(SolutionProperties) = preSolution
		HideSolutionNode = FALSE
	EndGlobalSection
EndGlobal
